
Microsoft Visual Studio Solution File, Format Version 12.00
# Visual Studio Version 17
VisualStudioVersion = 17.14.36915.13
MinimumVisualStudioVersion = 10.0.40219.1
Project("{FAE04EC0-301F-11D3-BF4B-00C04F79EFBC}") = "Testing", "Testing\Testing.csproj", "{22466AE2-74D8-4124-B3A1-626305DC33F7}"
EndProject
Project("{FAE04EC0-301F-11D3-BF4B-00C04F79EFBC}") = "QABrainsTests", "QABrainsTests\QABrainsTests.csproj", "{036C3713-4AA2-4215-AC75-6FF211AAE089}"
EndProject
Global
	GlobalSection(SolutionConfigurationPlatforms) = preSolution
		Debug|Any CPU = Debug|Any CPU
		Release|Any CPU = Release|Any CPU
	EndGlobalSection
	GlobalSection(ProjectConfigurationPlatforms) = postSolution
		{22466AE2-74D8-4124-B3A1-626305DC33F7}.Debug|Any CPU.ActiveCfg = Debug|Any CPU
		{22466AE2-74D8-4124-B3A1-626305DC33F7}.Debug|Any CPU.Build.0 = Debug|Any CPU
		{22466AE2-74D8-4124-B3A1-626305DC33F7}.Release|Any CPU.ActiveCfg = Release|Any CPU
		{22466AE2-74D8-4124-B3A1-626305DC33F7}.Release|Any CPU.Build.0 = Release|Any CPU
		{036C3713-4AA2-4215-AC75-6FF211AAE089}.Debug|Any CPU.ActiveCfg = Debug|Any CPU
		{036C3713-4AA2-4215-AC75-6FF211AAE089}.Debug|Any CPU.Build.0 = Debug|Any CPU
		{036C3713-4AA2-4215-AC75-6FF211AAE089}.Release|Any CPU.ActiveCfg = Release|Any CPU
		{036C3713-4AA2-4215-AC75-6FF211AAE089}.Release|Any CPU.Build.0 = Release|Any CPU
	EndGlobalSection
	GlobalSection(SolutionProperties) = preSolution
		HideSolutionNode = FALSE
	EndGlobalSection
	GlobalSection(ExtensibilityGlobals) = postSolution
		SolutionGuid = {98438D29-7B16-4688-83DD-35310EF04D2B}
	EndGlobalSection
EndGlobal
